// !$*UTF8*$!
{
	archiveVersion = 1;
	classes = {
	};
	objectVersion = 46;
	objects = {

/* Begin PBXBuildFile section */
		F93105E3145162C2009ACCBC /* MOBAbstractState.h in Headers */ = {isa = PBXBuildFile; fileRef = F93105E1145162C2009ACCBC /* MOBAbstractState.h */; settings = {ATTRIBUTES = (Public, ); }; };
		F93105E4145162C2009ACCBC /* MOBAbstractState.m in Sources */ = {isa = PBXBuildFile; fileRef = F93105E2145162C2009ACCBC /* MOBAbstractState.m */; };
		F93105E7145162D0009ACCBC /* MOBInitialState.h in Headers */ = {isa = PBXBuildFile; fileRef = F93105E5145162D0009ACCBC /* MOBInitialState.h */; settings = {ATTRIBUTES = (Public, ); }; };
		F93105E8145162D0009ACCBC /* MOBInitialState.m in Sources */ = {isa = PBXBuildFile; fileRef = F93105E6145162D0009ACCBC /* MOBInitialState.m */; };
		F93105EB145162DA009ACCBC /* MOBFinalState.h in Headers */ = {isa = PBXBuildFile; fileRef = F93105E9145162DA009ACCBC /* MOBFinalState.h */; settings = {ATTRIBUTES = (Public, ); }; };
		F93105EC145162DA009ACCBC /* MOBFinalState.m in Sources */ = {isa = PBXBuildFile; fileRef = F93105EA145162DA009ACCBC /* MOBFinalState.m */; };
		F95A258B14764C7D0082C689 /* TestCaseConstants.h in Headers */ = {isa = PBXBuildFile; fileRef = F95A258A14764C7D0082C689 /* TestCaseConstants.h */; settings = {ATTRIBUTES = (Public, ); }; };
		F9604D4E146D418D0046B49B /* MOBStateMachineConstants.h in Headers */ = {isa = PBXBuildFile; fileRef = F9604D4D146D418D0046B49B /* MOBStateMachineConstants.h */; settings = {ATTRIBUTES = (Public, ); }; };
		F988A28A14487EA9002EC3AD /* Foundation.framework in Frameworks */ = {isa = PBXBuildFile; fileRef = F988A28914487EA9002EC3AD /* Foundation.framework */; };
		F988A29014487EA9002EC3AD /* MOBStateMachine.m in Sources */ = {isa = PBXBuildFile; fileRef = F988A28F14487EA9002EC3AD /* MOBStateMachine.m */; };
		F988A29814487EA9002EC3AD /* SenTestingKit.framework in Frameworks */ = {isa = PBXBuildFile; fileRef = F988A29714487EA9002EC3AD /* SenTestingKit.framework */; };
		F988A29A14487EA9002EC3AD /* UIKit.framework in Frameworks */ = {isa = PBXBuildFile; fileRef = F988A29914487EA9002EC3AD /* UIKit.framework */; };
		F988A29B14487EA9002EC3AD /* Foundation.framework in Frameworks */ = {isa = PBXBuildFile; fileRef = F988A28914487EA9002EC3AD /* Foundation.framework */; };
		F988A29D14487EA9002EC3AD /* CoreGraphics.framework in Frameworks */ = {isa = PBXBuildFile; fileRef = F988A29C14487EA9002EC3AD /* CoreGraphics.framework */; };
		F988A2A014487EA9002EC3AD /* libMOBStateMachine.a in Frameworks */ = {isa = PBXBuildFile; fileRef = F988A28614487EA9002EC3AD /* libMOBStateMachine.a */; };
		F988A2A614487EA9002EC3AD /* InfoPlist.strings in Resources */ = {isa = PBXBuildFile; fileRef = F988A2A414487EA9002EC3AD /* InfoPlist.strings */; };
		F988A2A814487EA9002EC3AD /* MOBStateMachineTests.h in Resources */ = {isa = PBXBuildFile; fileRef = F988A2A714487EA9002EC3AD /* MOBStateMachineTests.h */; };
		F988A2AA14487EA9002EC3AD /* MOBStateMachineTests.m in Sources */ = {isa = PBXBuildFile; fileRef = F988A2A914487EA9002EC3AD /* MOBStateMachineTests.m */; };
		F988A2B914487F2F002EC3AD /* PasswordEntry.m in Sources */ = {isa = PBXBuildFile; fileRef = F988A2B614487F2F002EC3AD /* PasswordEntry.m */; };
		F988A2BA14487F2F002EC3AD /* PasswordEntryStateMachine.m in Sources */ = {isa = PBXBuildFile; fileRef = F988A2B814487F2F002EC3AD /* PasswordEntryStateMachine.m */; };
		F988A2BF14487F48002EC3AD /* MOBState.h in Headers */ = {isa = PBXBuildFile; fileRef = F988A2BB14487F48002EC3AD /* MOBState.h */; settings = {ATTRIBUTES = (Public, ); }; };
		F988A2C014487F48002EC3AD /* MOBState.m in Sources */ = {isa = PBXBuildFile; fileRef = F988A2BC14487F48002EC3AD /* MOBState.m */; };
		F988A2C114487F48002EC3AD /* MOBTransition.h in Headers */ = {isa = PBXBuildFile; fileRef = F988A2BD14487F48002EC3AD /* MOBTransition.h */; settings = {ATTRIBUTES = (Public, ); }; };
		F988A2C214487F48002EC3AD /* MOBTransition.m in Sources */ = {isa = PBXBuildFile; fileRef = F988A2BE14487F48002EC3AD /* MOBTransition.m */; };
		F988A2C414487FA0002EC3AD /* MOBStateMachine.h in Headers */ = {isa = PBXBuildFile; fileRef = F988A28E14487EA9002EC3AD /* MOBStateMachine.h */; settings = {ATTRIBUTES = (Public, ); }; };
/* End PBXBuildFile section */

/* Begin PBXContainerItemProxy section */
		F988A29E14487EA9002EC3AD /* PBXContainerItemProxy */ = {
			isa = PBXContainerItemProxy;
			containerPortal = F988A27D14487EA9002EC3AD /* Project object */;
			proxyType = 1;
			remoteGlobalIDString = F988A28514487EA9002EC3AD;
			remoteInfo = MOBStateMachine;
		};
/* End PBXContainerItemProxy section */

/* Begin PBXFileReference section */
		F93105E1145162C2009ACCBC /* MOBAbstractState.h */ = {isa = PBXFileReference; fileEncoding = 4; lastKnownFileType = sourcecode.c.h; path = MOBAbstractState.h; sourceTree = "<group>"; };
		F93105E2145162C2009ACCBC /* MOBAbstractState.m */ = {isa = PBXFileReference; fileEncoding = 4; lastKnownFileType = sourcecode.c.objc; path = MOBAbstractState.m; sourceTree = "<group>"; };
		F93105E5145162D0009ACCBC /* MOBInitialState.h */ = {isa = PBXFileReference; fileEncoding = 4; lastKnownFileType = sourcecode.c.h; path = MOBInitialState.h; sourceTree = "<group>"; };
		F93105E6145162D0009ACCBC /* MOBInitialState.m */ = {isa = PBXFileReference; fileEncoding = 4; lastKnownFileType = sourcecode.c.objc; path = MOBInitialState.m; sourceTree = "<group>"; };
		F93105E9145162DA009ACCBC /* MOBFinalState.h */ = {isa = PBXFileReference; fileEncoding = 4; lastKnownFileType = sourcecode.c.h; path = MOBFinalState.h; sourceTree = "<group>"; };
		F93105EA145162DA009ACCBC /* MOBFinalState.m */ = {isa = PBXFileReference; fileEncoding = 4; lastKnownFileType = sourcecode.c.objc; path = MOBFinalState.m; sourceTree = "<group>"; };
		F95A258A14764C7D0082C689 /* TestCaseConstants.h */ = {isa = PBXFileReference; fileEncoding = 4; lastKnownFileType = sourcecode.c.h; path = TestCaseConstants.h; sourceTree = "<group>"; };
		F9604D4D146D418D0046B49B /* MOBStateMachineConstants.h */ = {isa = PBXFileReference; fileEncoding = 4; lastKnownFileType = sourcecode.c.h; path = MOBStateMachineConstants.h; sourceTree = "<group>"; };
		F988A28614487EA9002EC3AD /* libMOBStateMachine.a */ = {isa = PBXFileReference; explicitFileType = archive.ar; includeInIndex = 0; path = libMOBStateMachine.a; sourceTree = BUILT_PRODUCTS_DIR; };
		F988A28914487EA9002EC3AD /* Foundation.framework */ = {isa = PBXFileReference; lastKnownFileType = wrapper.framework; name = Foundation.framework; path = System/Library/Frameworks/Foundation.framework; sourceTree = SDKROOT; };
		F988A28D14487EA9002EC3AD /* MOBStateMachine-Prefix.pch */ = {isa = PBXFileReference; lastKnownFileType = sourcecode.c.h; path = "MOBStateMachine-Prefix.pch"; sourceTree = "<group>"; };
		F988A28E14487EA9002EC3AD /* MOBStateMachine.h */ = {isa = PBXFileReference; lastKnownFileType = sourcecode.c.h; path = MOBStateMachine.h; sourceTree = "<group>"; };
		F988A28F14487EA9002EC3AD /* MOBStateMachine.m */ = {isa = PBXFileReference; lastKnownFileType = sourcecode.c.objc; path = MOBStateMachine.m; sourceTree = "<group>"; };
		F988A29614487EA9002EC3AD /* MOBStateMachineTests.octest */ = {isa = PBXFileReference; explicitFileType = wrapper.cfbundle; includeInIndex = 0; path = MOBStateMachineTests.octest; sourceTree = BUILT_PRODUCTS_DIR; };
		F988A29714487EA9002EC3AD /* SenTestingKit.framework */ = {isa = PBXFileReference; lastKnownFileType = wrapper.framework; name = SenTestingKit.framework; path = Library/Frameworks/SenTestingKit.framework; sourceTree = DEVELOPER_DIR; };
		F988A29914487EA9002EC3AD /* UIKit.framework */ = {isa = PBXFileReference; lastKnownFileType = wrapper.framework; name = UIKit.framework; path = Library/Frameworks/UIKit.framework; sourceTree = DEVELOPER_DIR; };
		F988A29C14487EA9002EC3AD /* CoreGraphics.framework */ = {isa = PBXFileReference; lastKnownFileType = wrapper.framework; name = CoreGraphics.framework; path = Library/Frameworks/CoreGraphics.framework; sourceTree = DEVELOPER_DIR; };
		F988A2A314487EA9002EC3AD /* MOBStateMachineTests-Info.plist */ = {isa = PBXFileReference; lastKnownFileType = text.plist.xml; path = "MOBStateMachineTests-Info.plist"; sourceTree = "<group>"; };
		F988A2A514487EA9002EC3AD /* en */ = {isa = PBXFileReference; lastKnownFileType = text.plist.strings; name = en; path = en.lproj/InfoPlist.strings; sourceTree = "<group>"; };
		F988A2A714487EA9002EC3AD /* MOBStateMachineTests.h */ = {isa = PBXFileReference; lastKnownFileType = sourcecode.c.h; path = MOBStateMachineTests.h; sourceTree = "<group>"; };
		F988A2A914487EA9002EC3AD /* MOBStateMachineTests.m */ = {isa = PBXFileReference; lastKnownFileType = sourcecode.c.objc; path = MOBStateMachineTests.m; sourceTree = "<group>"; };
		F988A2B414487F2F002EC3AD /* P_D_PasswordEntryStateHandler.h */ = {isa = PBXFileReference; fileEncoding = 4; lastKnownFileType = sourcecode.c.h; path = P_D_PasswordEntryStateHandler.h; sourceTree = "<group>"; };
		F988A2B514487F2F002EC3AD /* PasswordEntry.h */ = {isa = PBXFileReference; fileEncoding = 4; lastKnownFileType = sourcecode.c.h; path = PasswordEntry.h; sourceTree = "<group>"; };
		F988A2B614487F2F002EC3AD /* PasswordEntry.m */ = {isa = PBXFileReference; fileEncoding = 4; lastKnownFileType = sourcecode.c.objc; path = PasswordEntry.m; sourceTree = "<group>"; };
		F988A2B714487F2F002EC3AD /* PasswordEntryStateMachine.h */ = {isa = PBXFileReference; fileEncoding = 4; lastKnownFileType = sourcecode.c.h; path = PasswordEntryStateMachine.h; sourceTree = "<group>"; };
		F988A2B814487F2F002EC3AD /* PasswordEntryStateMachine.m */ = {isa = PBXFileReference; fileEncoding = 4; lastKnownFileType = sourcecode.c.objc; path = PasswordEntryStateMachine.m; sourceTree = "<group>"; };
		F988A2BB14487F48002EC3AD /* MOBState.h */ = {isa = PBXFileReference; fileEncoding = 4; lastKnownFileType = sourcecode.c.h; path = MOBState.h; sourceTree = "<group>"; };
		F988A2BC14487F48002EC3AD /* MOBState.m */ = {isa = PBXFileReference; fileEncoding = 4; lastKnownFileType = sourcecode.c.objc; path = MOBState.m; sourceTree = "<group>"; };
		F988A2BD14487F48002EC3AD /* MOBTransition.h */ = {isa = PBXFileReference; fileEncoding = 4; lastKnownFileType = sourcecode.c.h; path = MOBTransition.h; sourceTree = "<group>"; };
		F988A2BE14487F48002EC3AD /* MOBTransition.m */ = {isa = PBXFileReference; fileEncoding = 4; lastKnownFileType = sourcecode.c.objc; path = MOBTransition.m; sourceTree = "<group>"; };
/* End PBXFileReference section */

/* Begin PBXFrameworksBuildPhase section */
		F988A28314487EA9002EC3AD /* Frameworks */ = {
			isa = PBXFrameworksBuildPhase;
			buildActionMask = 2147483647;
			files = (
				F988A28A14487EA9002EC3AD /* Foundation.framework in Frameworks */,
			);
			runOnlyForDeploymentPostprocessing = 0;
		};
		F988A29214487EA9002EC3AD /* Frameworks */ = {
			isa = PBXFrameworksBuildPhase;
			buildActionMask = 2147483647;
			files = (
				F988A29814487EA9002EC3AD /* SenTestingKit.framework in Frameworks */,
				F988A29A14487EA9002EC3AD /* UIKit.framework in Frameworks */,
				F988A29B14487EA9002EC3AD /* Foundation.framework in Frameworks */,
				F988A29D14487EA9002EC3AD /* CoreGraphics.framework in Frameworks */,
				F988A2A014487EA9002EC3AD /* libMOBStateMachine.a in Frameworks */,
			);
			runOnlyForDeploymentPostprocessing = 0;
		};
/* End PBXFrameworksBuildPhase section */

/* Begin PBXGroup section */
		F988A27B14487EA9002EC3AD = {
			isa = PBXGroup;
			children = (
				F988A28B14487EA9002EC3AD /* MOBStateMachine */,
				F988A2A114487EA9002EC3AD /* MOBStateMachineTests */,
				F988A28814487EA9002EC3AD /* Frameworks */,
				F988A28714487EA9002EC3AD /* Products */,
			);
			sourceTree = "<group>";
		};
		F988A28714487EA9002EC3AD /* Products */ = {
			isa = PBXGroup;
			children = (
				F988A28614487EA9002EC3AD /* libMOBStateMachine.a */,
				F988A29614487EA9002EC3AD /* MOBStateMachineTests.octest */,
			);
			name = Products;
			sourceTree = "<group>";
		};
		F988A28814487EA9002EC3AD /* Frameworks */ = {
			isa = PBXGroup;
			children = (
				F988A28914487EA9002EC3AD /* Foundation.framework */,
				F988A29714487EA9002EC3AD /* SenTestingKit.framework */,
				F988A29914487EA9002EC3AD /* UIKit.framework */,
				F988A29C14487EA9002EC3AD /* CoreGraphics.framework */,
			);
			name = Frameworks;
			sourceTree = "<group>";
		};
		F988A28B14487EA9002EC3AD /* MOBStateMachine */ = {
			isa = PBXGroup;
			children = (
				F988A2C314487F7F002EC3AD /* PublicHeaders */,
				F9604D4D146D418D0046B49B /* MOBStateMachineConstants.h */,
				F988A28F14487EA9002EC3AD /* MOBStateMachine.m */,
				F93105E2145162C2009ACCBC /* MOBAbstractState.m */,
				F93105E6145162D0009ACCBC /* MOBInitialState.m */,
				F93105EA145162DA009ACCBC /* MOBFinalState.m */,
				F988A2BC14487F48002EC3AD /* MOBState.m */,
				F988A2BE14487F48002EC3AD /* MOBTransition.m */,
				F988A28C14487EA9002EC3AD /* Supporting Files */,
			);
			path = MOBStateMachine;
			sourceTree = "<group>";
		};
		F988A28C14487EA9002EC3AD /* Supporting Files */ = {
			isa = PBXGroup;
			children = (
				F988A28D14487EA9002EC3AD /* MOBStateMachine-Prefix.pch */,
			);
			name = "Supporting Files";
			sourceTree = "<group>";
		};
		F988A2A114487EA9002EC3AD /* MOBStateMachineTests */ = {
			isa = PBXGroup;
			children = (
				F988A2B314487F2F002EC3AD /* testCaseDefinitions */,
				F988A2A714487EA9002EC3AD /* MOBStateMachineTests.h */,
				F988A2A914487EA9002EC3AD /* MOBStateMachineTests.m */,
				F988A2A214487EA9002EC3AD /* Supporting Files */,
			);
			path = MOBStateMachineTests;
			sourceTree = "<group>";
		};
		F988A2A214487EA9002EC3AD /* Supporting Files */ = {
			isa = PBXGroup;
			children = (
				F988A2A314487EA9002EC3AD /* MOBStateMachineTests-Info.plist */,
				F988A2A414487EA9002EC3AD /* InfoPlist.strings */,
			);
			name = "Supporting Files";
			sourceTree = "<group>";
		};
		F988A2B314487F2F002EC3AD /* testCaseDefinitions */ = {
			isa = PBXGroup;
			children = (
				F988A2B414487F2F002EC3AD /* P_D_PasswordEntryStateHandler.h */,
				F988A2B514487F2F002EC3AD /* PasswordEntry.h */,
				F988A2B614487F2F002EC3AD /* PasswordEntry.m */,
				F988A2B714487F2F002EC3AD /* PasswordEntryStateMachine.h */,
				F988A2B814487F2F002EC3AD /* PasswordEntryStateMachine.m */,
				F95A258A14764C7D0082C689 /* TestCaseConstants.h */,
			);
			path = testCaseDefinitions;
			sourceTree = "<group>";
		};
		F988A2C314487F7F002EC3AD /* PublicHeaders */ = {
			isa = PBXGroup;
			children = (
				F988A28E14487EA9002EC3AD /* MOBStateMachine.h */,
				F93105E1145162C2009ACCBC /* MOBAbstractState.h */,
				F988A2BB14487F48002EC3AD /* MOBState.h */,
				F93105E5145162D0009ACCBC /* MOBInitialState.h */,
				F93105E9145162DA009ACCBC /* MOBFinalState.h */,
				F988A2BD14487F48002EC3AD /* MOBTransition.h */,
			);
			name = PublicHeaders;
			sourceTree = "<group>";
		};
/* End PBXGroup section */

/* Begin PBXHeadersBuildPhase section */
		F988A28414487EA9002EC3AD /* Headers */ = {
			isa = PBXHeadersBuildPhase;
			buildActionMask = 2147483647;
			files = (
				F988A2BF14487F48002EC3AD /* MOBState.h in Headers */,
				F988A2C114487F48002EC3AD /* MOBTransition.h in Headers */,
				F988A2C414487FA0002EC3AD /* MOBStateMachine.h in Headers */,
				F93105E3145162C2009ACCBC /* MOBAbstractState.h in Headers */,
				F93105E7145162D0009ACCBC /* MOBInitialState.h in Headers */,
				F93105EB145162DA009ACCBC /* MOBFinalState.h in Headers */,
				F9604D4E146D418D0046B49B /* MOBStateMachineConstants.h in Headers */,
				F95A258B14764C7D0082C689 /* TestCaseConstants.h in Headers */,
			);
			runOnlyForDeploymentPostprocessing = 0;
		};
/* End PBXHeadersBuildPhase section */

/* Begin PBXNativeTarget section */
		F988A28514487EA9002EC3AD /* MOBStateMachine */ = {
			isa = PBXNativeTarget;
			buildConfigurationList = F988A2AD14487EA9002EC3AD /* Build configuration list for PBXNativeTarget "MOBStateMachine" */;
			buildPhases = (
				F988A28214487EA9002EC3AD /* Sources */,
				F988A28314487EA9002EC3AD /* Frameworks */,
				F988A28414487EA9002EC3AD /* Headers */,
			);
			buildRules = (
			);
			dependencies = (
			);
			name = MOBStateMachine;
			productName = MOBStateMachine;
			productReference = F988A28614487EA9002EC3AD /* libMOBStateMachine.a */;
			productType = "com.apple.product-type.library.static";
		};
		F988A29514487EA9002EC3AD /* MOBStateMachineTests */ = {
			isa = PBXNativeTarget;
			buildConfigurationList = F988A2B014487EA9002EC3AD /* Build configuration list for PBXNativeTarget "MOBStateMachineTests" */;
			buildPhases = (
				F988A29114487EA9002EC3AD /* Sources */,
				F988A29214487EA9002EC3AD /* Frameworks */,
				F988A29314487EA9002EC3AD /* Resources */,
				F988A29414487EA9002EC3AD /* ShellScript */,
			);
			buildRules = (
			);
			dependencies = (
				F988A29F14487EA9002EC3AD /* PBXTargetDependency */,
			);
			name = MOBStateMachineTests;
			productName = MOBStateMachineTests;
			productReference = F988A29614487EA9002EC3AD /* MOBStateMachineTests.octest */;
			productType = "com.apple.product-type.bundle";
		};
/* End PBXNativeTarget section */

/* Begin PBXProject section */
		F988A27D14487EA9002EC3AD /* Project object */ = {
			isa = PBXProject;
			buildConfigurationList = F988A28014487EA9002EC3AD /* Build configuration list for PBXProject "MOBStateMachine" */;
			compatibilityVersion = "Xcode 3.2";
			developmentRegion = English;
			hasScannedForEncodings = 0;
			knownRegions = (
				en,
			);
			mainGroup = F988A27B14487EA9002EC3AD;
			productRefGroup = F988A28714487EA9002EC3AD /* Products */;
			projectDirPath = "";
			projectRoot = "";
			targets = (
				F988A28514487EA9002EC3AD /* MOBStateMachine */,
				F988A29514487EA9002EC3AD /* MOBStateMachineTests */,
			);
		};
/* End PBXProject section */

/* Begin PBXResourcesBuildPhase section */
		F988A29314487EA9002EC3AD /* Resources */ = {
			isa = PBXResourcesBuildPhase;
			buildActionMask = 2147483647;
			files = (
				F988A2A614487EA9002EC3AD /* InfoPlist.strings in Resources */,
				F988A2A814487EA9002EC3AD /* MOBStateMachineTests.h in Resources */,
			);
			runOnlyForDeploymentPostprocessing = 0;
		};
/* End PBXResourcesBuildPhase section */

/* Begin PBXShellScriptBuildPhase section */
		F988A29414487EA9002EC3AD /* ShellScript */ = {
			isa = PBXShellScriptBuildPhase;
			buildActionMask = 2147483647;
			files = (
			);
			inputPaths = (
			);
			outputPaths = (
			);
			runOnlyForDeploymentPostprocessing = 0;
			shellPath = /bin/sh;
			shellScript = "# Run the unit tests in this test bundle.\n\"${SYSTEM_DEVELOPER_DIR}/Tools/RunUnitTests\"\n";
		};
/* End PBXShellScriptBuildPhase section */

/* Begin PBXSourcesBuildPhase section */
		F988A28214487EA9002EC3AD /* Sources */ = {
			isa = PBXSourcesBuildPhase;
			buildActionMask = 2147483647;
			files = (
				F988A29014487EA9002EC3AD /* MOBStateMachine.m in Sources */,
				F988A2C014487F48002EC3AD /* MOBState.m in Sources */,
				F988A2C214487F48002EC3AD /* MOBTransition.m in Sources */,
				F93105E4145162C2009ACCBC /* MOBAbstractState.m in Sources */,
				F93105E8145162D0009ACCBC /* MOBInitialState.m in Sources */,
				F93105EC145162DA009ACCBC /* MOBFinalState.m in Sources */,
			);
			runOnlyForDeploymentPostprocessing = 0;
		};
		F988A29114487EA9002EC3AD /* Sources */ = {
			isa = PBXSourcesBuildPhase;
			buildActionMask = 2147483647;
			files = (
				F988A2AA14487EA9002EC3AD /* MOBStateMachineTests.m in Sources */,
				F988A2B914487F2F002EC3AD /* PasswordEntry.m in Sources */,
				F988A2BA14487F2F002EC3AD /* PasswordEntryStateMachine.m in Sources */,
			);
			runOnlyForDeploymentPostprocessing = 0;
		};
/* End PBXSourcesBuildPhase section */

/* Begin PBXTargetDependency section */
		F988A29F14487EA9002EC3AD /* PBXTargetDependency */ = {
			isa = PBXTargetDependency;
			target = F988A28514487EA9002EC3AD /* MOBStateMachine */;
			targetProxy = F988A29E14487EA9002EC3AD /* PBXContainerItemProxy */;
		};
/* End PBXTargetDependency section */

/* Begin PBXVariantGroup section */
		F988A2A414487EA9002EC3AD /* InfoPlist.strings */ = {
			isa = PBXVariantGroup;
			children = (
				F988A2A514487EA9002EC3AD /* en */,
			);
			name = InfoPlist.strings;
			sourceTree = "<group>";
		};
/* End PBXVariantGroup section */

/* Begin XCBuildConfiguration section */
		F988A2AB14487EA9002EC3AD /* Debug */ = {
			isa = XCBuildConfiguration;
			buildSettings = {
				ALWAYS_SEARCH_USER_PATHS = NO;
				ARCHS = "$(ARCHS_STANDARD_32_BIT)";
				COPY_PHASE_STRIP = NO;
				GCC_C_LANGUAGE_STANDARD = gnu99;
				GCC_DYNAMIC_NO_PIC = NO;
				GCC_OPTIMIZATION_LEVEL = 0;
				GCC_PREPROCESSOR_DEFINITIONS = (
					"DEBUG=1",
					"$(inherited)",
				);
				GCC_SYMBOLS_PRIVATE_EXTERN = NO;
				GCC_VERSION = com.apple.compilers.llvmgcc42;
				GCC_WARN_ABOUT_MISSING_PROTOTYPES = YES;
				GCC_WARN_ABOUT_RETURN_TYPE = YES;
				GCC_WARN_UNUSED_VARIABLE = YES;
				IPHONEOS_DEPLOYMENT_TARGET = 4.3;
				SDKROOT = iphoneos;
			};
			name = Debug;
		};
		F988A2AC14487EA9002EC3AD /* Release */ = {
			isa = XCBuildConfiguration;
			buildSettings = {
				ALWAYS_SEARCH_USER_PATHS = NO;
				ARCHS = "$(ARCHS_STANDARD_32_BIT)";
				COPY_PHASE_STRIP = YES;
				GCC_C_LANGUAGE_STANDARD = gnu99;
				GCC_VERSION = com.apple.compilers.llvmgcc42;
				GCC_WARN_ABOUT_MISSING_PROTOTYPES = YES;
				GCC_WARN_ABOUT_RETURN_TYPE = YES;
				GCC_WARN_UNUSED_VARIABLE = YES;
				IPHONEOS_DEPLOYMENT_TARGET = 4.3;
				SDKROOT = iphoneos;
				VALIDATE_PRODUCT = YES;
			};
			name = Release;
		};
		F988A2AE14487EA9002EC3AD /* Debug */ = {
			isa = XCBuildConfiguration;
			buildSettings = {
				DSTROOT = /tmp/MOBStateMachine.dst;
				GCC_PRECOMPILE_PREFIX_HEADER = YES;
				GCC_PREFIX_HEADER = "MOBStateMachine/MOBStateMachine-Prefix.pch";
				INSTALL_PATH = "$(BUILT_PRODUCTS_DIR)";
				OTHER_LDFLAGS = "-ObjC";
				PRODUCT_NAME = "$(TARGET_NAME)";
				PUBLIC_HEADERS_FOLDER_PATH = "$(TARGET_NAME)";
				SKIP_INSTALL = YES;
			};
			name = Debug;
		};
		F988A2AF14487EA9002EC3AD /* Release */ = {
			isa = XCBuildConfiguration;
			buildSettings = {
				DSTROOT = /tmp/MOBStateMachine.dst;
				GCC_PRECOMPILE_PREFIX_HEADER = YES;
				GCC_PREFIX_HEADER = "MOBStateMachine/MOBStateMachine-Prefix.pch";
				INSTALL_PATH = "$(BUILT_PRODUCTS_DIR)";
				OTHER_LDFLAGS = "-ObjC";
				PRODUCT_NAME = "$(TARGET_NAME)";
				PUBLIC_HEADERS_FOLDER_PATH = "$(TARGET_NAME)";
				SKIP_INSTALL = YES;
			};
			name = Release;
		};
		F988A2B114487EA9002EC3AD /* Debug */ = {
			isa = XCBuildConfiguration;
			buildSettings = {
				FRAMEWORK_SEARCH_PATHS = (
					"$(SDKROOT)/Developer/Library/Frameworks",
					"$(DEVELOPER_LIBRARY_DIR)/Frameworks",
				);
				GCC_PRECOMPILE_PREFIX_HEADER = YES;
				GCC_PREFIX_HEADER = "MOBStateMachine/MOBStateMachine-Prefix.pch";
				INFOPLIST_FILE = "MOBStateMachineTests/MOBStateMachineTests-Info.plist";
				PRODUCT_NAME = "$(TARGET_NAME)";
				WRAPPER_EXTENSION = octest;
			};
			name = Debug;
		};
		F988A2B214487EA9002EC3AD /* Release */ = {
			isa = XCBuildConfiguration;
			buildSettings = {
				FRAMEWORK_SEARCH_PATHS = (
					"$(SDKROOT)/Developer/Library/Frameworks",
					"$(DEVELOPER_LIBRARY_DIR)/Frameworks",
				);
				GCC_PRECOMPILE_PREFIX_HEADER = YES;
				GCC_PREFIX_HEADER = "MOBStateMachine/MOBStateMachine-Prefix.pch";
				INFOPLIST_FILE = "MOBStateMachineTests/MOBStateMachineTests-Info.plist";
				PRODUCT_NAME = "$(TARGET_NAME)";
				WRAPPER_EXTENSION = octest;
			};
			name = Release;
		};
/* End XCBuildConfiguration section */

/* Begin XCConfigurationList section */
		F988A28014487EA9002EC3AD /* Build configuration list for PBXProject "MOBStateMachine" */ = {
			isa = XCConfigurationList;
			buildConfigurations = (
				F988A2AB14487EA9002EC3AD /* Debug */,
				F988A2AC14487EA9002EC3AD /* Release */,
			);
			defaultConfigurationIsVisible = 0;
			defaultConfigurationName = Release;
		};
		F988A2AD14487EA9002EC3AD /* Build configuration list for PBXNativeTarget "MOBStateMachine" */ = {
			isa = XCConfigurationList;
			buildConfigurations = (
				F988A2AE14487EA9002EC3AD /* Debug */,
				F988A2AF14487EA9002EC3AD /* Release */,
			);
			defaultConfigurationIsVisible = 0;
			defaultConfigurationName = Release;
		};
		F988A2B014487EA9002EC3AD /* Build configuration list for PBXNativeTarget "MOBStateMachineTests" */ = {
			isa = XCConfigurationList;
			buildConfigurations = (
				F988A2B114487EA9002EC3AD /* Debug */,
				F988A2B214487EA9002EC3AD /* Release */,
			);
			defaultConfigurationIsVisible = 0;
			defaultConfigurationName = Release;
		};
/* End XCConfigurationList section */
	};
	rootObject = F988A27D14487EA9002EC3AD /* Project object */;
}
